
Microsoft Visual Studio Solution File, Format Version 12.00
# Visual Studio Version 17
VisualStudioVersion = 17.11.35219.272
MinimumVisualStudioVersion = 10.0.40219.1
Project("{FAE04EC0-301F-11D3-BF4B-00C04F79EFBC}") = "uri1008", "uri1008\uri1008.csproj", "{159E5C13-821E-4169-80EE-A82F0E5011A8}"
EndProject
Global
	GlobalSection(SolutionConfigurationPlatforms) = preSolution
		Debug|Any CPU = Debug|Any CPU
		Release|Any CPU = Release|Any CPU
	EndGlobalSection
	GlobalSection(ProjectConfigurationPlatforms) = postSolution
		{159E5C13-821E-4169-80EE-A82F0E5011A8}.Debug|Any CPU.ActiveCfg = Debug|Any CPU
		{159E5C13-821E-4169-80EE-A82F0E5011A8}.Debug|Any CPU.Build.0 = Debug|Any CPU
		{159E5C13-821E-4169-80EE-A82F0E5011A8}.Release|Any CPU.ActiveCfg = Release|Any CPU
		{159E5C13-821E-4169-80EE-A82F0E5011A8}.Release|Any CPU.Build.0 = Release|Any CPU
	EndGlobalSection
	GlobalSection(SolutionProperties) = preSolution
		HideSolutionNode = FALSE
	EndGlobalSection
	GlobalSection(ExtensibilityGlobals) = postSolution
		SolutionGuid = {3FB73FDD-BE60-4E24-9D95-44A80EEE98D4}
	EndGlobalSection
EndGlobal
