
Microsoft Visual Studio Solution File, Format Version 12.00
# Visual Studio Version 17
VisualStudioVersion = 17.11.35219.272
MinimumVisualStudioVersion = 10.0.40219.1
Project("{FAE04EC0-301F-11D3-BF4B-00C04F79EFBC}") = "uri1006", "uri1006\uri1006.csproj", "{8E38EDBD-B1A7-440A-B019-3DA44056B6F6}"
EndProject
Global
	GlobalSection(SolutionConfigurationPlatforms) = preSolution
		Debug|Any CPU = Debug|Any CPU
		Release|Any CPU = Release|Any CPU
	EndGlobalSection
	GlobalSection(ProjectConfigurationPlatforms) = postSolution
		{8E38EDBD-B1A7-440A-B019-3DA44056B6F6}.Debug|Any CPU.ActiveCfg = Debug|Any CPU
		{8E38EDBD-B1A7-440A-B019-3DA44056B6F6}.Debug|Any CPU.Build.0 = Debug|Any CPU
		{8E38EDBD-B1A7-440A-B019-3DA44056B6F6}.Release|Any CPU.ActiveCfg = Release|Any CPU
		{8E38EDBD-B1A7-440A-B019-3DA44056B6F6}.Release|Any CPU.Build.0 = Release|Any CPU
	EndGlobalSection
	GlobalSection(SolutionProperties) = preSolution
		HideSolutionNode = FALSE
	EndGlobalSection
	GlobalSection(ExtensibilityGlobals) = postSolution
		SolutionGuid = {0FA32EC8-F46B-46A1-A0CB-E4DD2BEBCD9B}
	EndGlobalSection
EndGlobal
