
Microsoft Visual Studio Solution File, Format Version 12.00
# Visual Studio Version 17
VisualStudioVersion = 17.11.35219.272
MinimumVisualStudioVersion = 10.0.40219.1
Project("{FAE04EC0-301F-11D3-BF4B-00C04F79EFBC}") = "uri1004", "uri1004\uri1004.csproj", "{5796F626-DB9A-496D-B781-035C640F7928}"
EndProject
Global
	GlobalSection(SolutionConfigurationPlatforms) = preSolution
		Debug|Any CPU = Debug|Any CPU
		Release|Any CPU = Release|Any CPU
	EndGlobalSection
	GlobalSection(ProjectConfigurationPlatforms) = postSolution
		{5796F626-DB9A-496D-B781-035C640F7928}.Debug|Any CPU.ActiveCfg = Debug|Any CPU
		{5796F626-DB9A-496D-B781-035C640F7928}.Debug|Any CPU.Build.0 = Debug|Any CPU
		{5796F626-DB9A-496D-B781-035C640F7928}.Release|Any CPU.ActiveCfg = Release|Any CPU
		{5796F626-DB9A-496D-B781-035C640F7928}.Release|Any CPU.Build.0 = Release|Any CPU
	EndGlobalSection
	GlobalSection(SolutionProperties) = preSolution
		HideSolutionNode = FALSE
	EndGlobalSection
	GlobalSection(ExtensibilityGlobals) = postSolution
		SolutionGuid = {58F97D97-7362-4885-A235-A007ACF8F3A5}
	EndGlobalSection
EndGlobal
